
Microsoft Visual Studio Solution File, Format Version 12.00
# Visual Studio 15
VisualStudioVersion = 15.0.28307.1022
MinimumVisualStudioVersion = 10.0.40219.1
Project("{FAE04EC0-301F-11D3-BF4B-00C04F79EFBC}") = "Code_FIRST_EFDemoCF", "Code_FIRST_EFDemoCF\Code_FIRST_EFDemoCF.csproj", "{9563D4A1-832E-44E5-939E-A0333F657565}"
EndProject
Global
	GlobalSection(SolutionConfigurationPlatforms) = preSolution
		Debug|Any CPU = Debug|Any CPU
		Release|Any CPU = Release|Any CPU
	EndGlobalSection
	GlobalSection(ProjectConfigurationPlatforms) = postSolution
		{9563D4A1-832E-44E5-939E-A0333F657565}.Debug|Any CPU.ActiveCfg = Debug|Any CPU
		{9563D4A1-832E-44E5-939E-A0333F657565}.Debug|Any CPU.Build.0 = Debug|Any CPU
		{9563D4A1-832E-44E5-939E-A0333F657565}.Release|Any CPU.ActiveCfg = Release|Any CPU
		{9563D4A1-832E-44E5-939E-A0333F657565}.Release|Any CPU.Build.0 = Release|Any CPU
	EndGlobalSection
	GlobalSection(SolutionProperties) = preSolution
		HideSolutionNode = FALSE
	EndGlobalSection
	GlobalSection(ExtensibilityGlobals) = postSolution
		SolutionGuid = {279851C6-7B74-4F3C-9753-39429A822EA9}
	EndGlobalSection
EndGlobal
